
Microsoft Visual Studio Solution File, Format Version 12.00
# Visual Studio 15
VisualStudioVersion = 15.0.28307.136
MinimumVisualStudioVersion = 10.0.40219.1
Project("{FAE04EC0-301F-11D3-BF4B-00C04F79EFBC}") = "TypingTutor", "TypingTutor\TypingTutor.csproj", "{385D71DC-19D9-4BBA-9B7F-24300CA0E66C}"
EndProject
Global
	GlobalSection(SolutionConfigurationPlatforms) = preSolution
		Debug|Any CPU = Debug|Any CPU
		Release|Any CPU = Release|Any CPU
	EndGlobalSection
	GlobalSection(ProjectConfigurationPlatforms) = postSolution
		{385D71DC-19D9-4BBA-9B7F-24300CA0E66C}.Debug|Any CPU.ActiveCfg = Debug|Any CPU
		{385D71DC-19D9-4BBA-9B7F-24300CA0E66C}.Debug|Any CPU.Build.0 = Debug|Any CPU
		{385D71DC-19D9-4BBA-9B7F-24300CA0E66C}.Release|Any CPU.ActiveCfg = Release|Any CPU
		{385D71DC-19D9-4BBA-9B7F-24300CA0E66C}.Release|Any CPU.Build.0 = Release|Any CPU
	EndGlobalSection
	GlobalSection(SolutionProperties) = preSolution
		HideSolutionNode = FALSE
	EndGlobalSection
	GlobalSection(ExtensibilityGlobals) = postSolution
		SolutionGuid = {12ACA062-66D2-4882-BE2A-2B73D4CD0F6D}
	EndGlobalSection
EndGlobal
